// !$*UTF8*$!
{
	archiveVersion = 1;
	classes = {
	};
	objectVersion = 56;
	objects = {

/* Begin PBXBuildFile section */
		7EA9EE452B65874F004AA3A3 /* TAMU_HACK_XApp.swift in Sources */ = {isa = PBXBuildFile; fileRef = 7EA9EE442B65874F004AA3A3 /* TAMU_HACK_XApp.swift */; };
		7EA9EE472B65874F004AA3A3 /* ContentView.swift in Sources */ = {isa = PBXBuildFile; fileRef = 7EA9EE462B65874F004AA3A3 /* ContentView.swift */; };
		7EA9EE492B658750004AA3A3 /* Assets.xcassets in Resources */ = {isa = PBXBuildFile; fileRef = 7EA9EE482B658750004AA3A3 /* Assets.xcassets */; };
		7EA9EE4C2B658750004AA3A3 /* Preview Assets.xcassets in Resources */ = {isa = PBXBuildFile; fileRef = 7EA9EE4B2B658750004AA3A3 /* Preview Assets.xcassets */; };
		830184E12B66B94500717FB0 /* Storyboard.storyboard in Resources */ = {isa = PBXBuildFile; fileRef = 830184E02B66B94500717FB0 /* Storyboard.storyboard */; };
		836FA5A42B66C00500E9044C /* Main.storyboard in Resources */ = {isa = PBXBuildFile; fileRef = 836FA5A22B66C00500E9044C /* Main.storyboard */; };
		836FA5A52B66C00500E9044C /* ViewController.swift in Sources */ = {isa = PBXBuildFile; fileRef = 836FA5A32B66C00500E9044C /* ViewController.swift */; };
		836FA5A72B66C27000E9044C /* FavoritesView.swift in Sources */ = {isa = PBXBuildFile; fileRef = 836FA5A62B66C27000E9044C /* FavoritesView.swift */; };
		83BAC3932B65A36A00758F09 /* CustomTabView.swift in Sources */ = {isa = PBXBuildFile; fileRef = 83BAC3922B65A36A00758F09 /* CustomTabView.swift */; };
		83BAC3992B65B3FA00758F09 /* DestinationCardView.swift in Sources */ = {isa = PBXBuildFile; fileRef = 83BAC3982B65B3FA00758F09 /* DestinationCardView.swift */; };
		83BAC39B2B65B46A00758F09 /* Destination.swift in Sources */ = {isa = PBXBuildFile; fileRef = 83BAC39A2B65B46A00758F09 /* Destination.swift */; };
		83BAC39D2B65CE9400758F09 /* HomeView.swift in Sources */ = {isa = PBXBuildFile; fileRef = 83BAC39C2B65CE9400758F09 /* HomeView.swift */; };
		83BAC39F2B65EBD300758F09 /* CurrencyConvView.swift in Sources */ = {isa = PBXBuildFile; fileRef = 83BAC39E2B65EBD300758F09 /* CurrencyConvView.swift */; };
		83BAC3A12B65FA5000758F09 /* UtilsCurrConv.swift in Sources */ = {isa = PBXBuildFile; fileRef = 83BAC3A02B65FA5000758F09 /* UtilsCurrConv.swift */; };
/* End PBXBuildFile section */

/* Begin PBXFileReference section */
		7EA9EE412B65874F004AA3A3 /* TAMU-HACK-X.app */ = {isa = PBXFileReference; explicitFileType = wrapper.application; includeInIndex = 0; path = "TAMU-HACK-X.app"; sourceTree = BUILT_PRODUCTS_DIR; };
		7EA9EE442B65874F004AA3A3 /* TAMU_HACK_XApp.swift */ = {isa = PBXFileReference; lastKnownFileType = sourcecode.swift; path = TAMU_HACK_XApp.swift; sourceTree = "<group>"; };
		7EA9EE462B65874F004AA3A3 /* ContentView.swift */ = {isa = PBXFileReference; lastKnownFileType = sourcecode.swift; path = ContentView.swift; sourceTree = "<group>"; };
		7EA9EE482B658750004AA3A3 /* Assets.xcassets */ = {isa = PBXFileReference; lastKnownFileType = folder.assetcatalog; path = Assets.xcassets; sourceTree = "<group>"; };
		7EA9EE4B2B658750004AA3A3 /* Preview Assets.xcassets */ = {isa = PBXFileReference; lastKnownFileType = folder.assetcatalog; path = "Preview Assets.xcassets"; sourceTree = "<group>"; };
		830184E02B66B94500717FB0 /* Storyboard.storyboard */ = {isa = PBXFileReference; lastKnownFileType = file.storyboard; path = Storyboard.storyboard; sourceTree = "<group>"; };
		836FA5A22B66C00500E9044C /* Main.storyboard */ = {isa = PBXFileReference; fileEncoding = 4; lastKnownFileType = file.storyboard; path = Main.storyboard; sourceTree = "<group>"; };
		836FA5A32B66C00500E9044C /* ViewController.swift */ = {isa = PBXFileReference; fileEncoding = 4; lastKnownFileType = sourcecode.swift; path = ViewController.swift; sourceTree = "<group>"; };
		836FA5A62B66C27000E9044C /* FavoritesView.swift */ = {isa = PBXFileReference; lastKnownFileType = sourcecode.swift; path = FavoritesView.swift; sourceTree = "<group>"; };
		83BAC3922B65A36A00758F09 /* CustomTabView.swift */ = {isa = PBXFileReference; lastKnownFileType = sourcecode.swift; path = CustomTabView.swift; sourceTree = "<group>"; };
		83BAC3982B65B3FA00758F09 /* DestinationCardView.swift */ = {isa = PBXFileReference; lastKnownFileType = sourcecode.swift; path = DestinationCardView.swift; sourceTree = "<group>"; };
		83BAC39A2B65B46A00758F09 /* Destination.swift */ = {isa = PBXFileReference; lastKnownFileType = sourcecode.swift; path = Destination.swift; sourceTree = "<group>"; };
		83BAC39C2B65CE9400758F09 /* HomeView.swift */ = {isa = PBXFileReference; lastKnownFileType = sourcecode.swift; path = HomeView.swift; sourceTree = "<group>"; };
		83BAC39E2B65EBD300758F09 /* CurrencyConvView.swift */ = {isa = PBXFileReference; lastKnownFileType = sourcecode.swift; path = CurrencyConvView.swift; sourceTree = "<group>"; };
		83BAC3A02B65FA5000758F09 /* UtilsCurrConv.swift */ = {isa = PBXFileReference; lastKnownFileType = sourcecode.swift; path = UtilsCurrConv.swift; sourceTree = "<group>"; };
/* End PBXFileReference section */

/* Begin PBXFrameworksBuildPhase section */
		7EA9EE3E2B65874F004AA3A3 /* Frameworks */ = {
			isa = PBXFrameworksBuildPhase;
			buildActionMask = 2147483647;
			files = (
			);
			runOnlyForDeploymentPostprocessing = 0;
		};
/* End PBXFrameworksBuildPhase section */

/* Begin PBXGroup section */
		7EA9EE382B65874F004AA3A3 = {
			isa = PBXGroup;
			children = (
				836FA5A12B66BFCB00E9044C /* Storyboard */,
				7EA9EE432B65874F004AA3A3 /* TAMU-HACK-X */,
				7EA9EE422B65874F004AA3A3 /* Products */,
			);
			sourceTree = "<group>";
		};
		7EA9EE422B65874F004AA3A3 /* Products */ = {
			isa = PBXGroup;
			children = (
				7EA9EE412B65874F004AA3A3 /* TAMU-HACK-X.app */,
			);
			name = Products;
			sourceTree = "<group>";
		};
		7EA9EE432B65874F004AA3A3 /* TAMU-HACK-X */ = {
			isa = PBXGroup;
			children = (
				7EA9EE442B65874F004AA3A3 /* TAMU_HACK_XApp.swift */,
				7EA9EE462B65874F004AA3A3 /* ContentView.swift */,
				83BAC39C2B65CE9400758F09 /* HomeView.swift */,
				83BAC3922B65A36A00758F09 /* CustomTabView.swift */,
				83BAC3982B65B3FA00758F09 /* DestinationCardView.swift */,
				83BAC39A2B65B46A00758F09 /* Destination.swift */,
				83BAC39E2B65EBD300758F09 /* CurrencyConvView.swift */,
				836FA5A62B66C27000E9044C /* FavoritesView.swift */,
				830184E02B66B94500717FB0 /* Storyboard.storyboard */,
				83BAC3A02B65FA5000758F09 /* UtilsCurrConv.swift */,
				7EA9EE482B658750004AA3A3 /* Assets.xcassets */,
				7EA9EE4A2B658750004AA3A3 /* Preview Content */,
			);
			path = "TAMU-HACK-X";
			sourceTree = "<group>";
		};
		7EA9EE4A2B658750004AA3A3 /* Preview Content */ = {
			isa = PBXGroup;
			children = (
				7EA9EE4B2B658750004AA3A3 /* Preview Assets.xcassets */,
			);
			path = "Preview Content";
			sourceTree = "<group>";
		};
		836FA5A12B66BFCB00E9044C /* Storyboard */ = {
			isa = PBXGroup;
			children = (
				836FA5A22B66C00500E9044C /* Main.storyboard */,
				836FA5A32B66C00500E9044C /* ViewController.swift */,
			);
			path = Storyboard;
			sourceTree = "<group>";
		};
/* End PBXGroup section */

/* Begin PBXNativeTarget section */
		7EA9EE402B65874F004AA3A3 /* TAMU-HACK-X */ = {
			isa = PBXNativeTarget;
			buildConfigurationList = 7EA9EE4F2B658750004AA3A3 /* Build configuration list for PBXNativeTarget "TAMU-HACK-X" */;
			buildPhases = (
				7EA9EE3D2B65874F004AA3A3 /* Sources */,
				7EA9EE3E2B65874F004AA3A3 /* Frameworks */,
				7EA9EE3F2B65874F004AA3A3 /* Resources */,
			);
			buildRules = (
			);
			dependencies = (
			);
			name = "TAMU-HACK-X";
			productName = "TAMU-HACK-X";
			productReference = 7EA9EE412B65874F004AA3A3 /* TAMU-HACK-X.app */;
			productType = "com.apple.product-type.application";
		};
/* End PBXNativeTarget section */

/* Begin PBXProject section */
		7EA9EE392B65874F004AA3A3 /* Project object */ = {
			isa = PBXProject;
			attributes = {
				BuildIndependentTargetsInParallel = 1;
				LastSwiftUpdateCheck = 1520;
				LastUpgradeCheck = 1520;
				TargetAttributes = {
					7EA9EE402B65874F004AA3A3 = {
						CreatedOnToolsVersion = 15.2;
					};
				};
			};
			buildConfigurationList = 7EA9EE3C2B65874F004AA3A3 /* Build configuration list for PBXProject "TAMU-HACK-X" */;
			compatibilityVersion = "Xcode 14.0";
			developmentRegion = en;
			hasScannedForEncodings = 0;
			knownRegions = (
				en,
				Base,
			);
			mainGroup = 7EA9EE382B65874F004AA3A3;
			productRefGroup = 7EA9EE422B65874F004AA3A3 /* Products */;
			projectDirPath = "";
			projectRoot = "";
			targets = (
				7EA9EE402B65874F004AA3A3 /* TAMU-HACK-X */,
			);
		};
/* End PBXProject section */

/* Begin PBXResourcesBuildPhase section */
		7EA9EE3F2B65874F004AA3A3 /* Resources */ = {
			isa = PBXResourcesBuildPhase;
			buildActionMask = 2147483647;
			files = (
				7EA9EE4C2B658750004AA3A3 /* Preview Assets.xcassets in Resources */,
				7EA9EE492B658750004AA3A3 /* Assets.xcassets in Resources */,
				830184E12B66B94500717FB0 /* Storyboard.storyboard in Resources */,
				836FA5A42B66C00500E9044C /* Main.storyboard in Resources */,
			);
			runOnlyForDeploymentPostprocessing = 0;
		};
/* End PBXResourcesBuildPhase section */

/* Begin PBXSourcesBuildPhase section */
		7EA9EE3D2B65874F004AA3A3 /* Sources */ = {
			isa = PBXSourcesBuildPhase;
			buildActionMask = 2147483647;
			files = (
				836FA5A72B66C27000E9044C /* FavoritesView.swift in Sources */,
				83BAC3932B65A36A00758F09 /* CustomTabView.swift in Sources */,
				83BAC3A12B65FA5000758F09 /* UtilsCurrConv.swift in Sources */,
				7EA9EE472B65874F004AA3A3 /* ContentView.swift in Sources */,
				836FA5A52B66C00500E9044C /* ViewController.swift in Sources */,
				83BAC39B2B65B46A00758F09 /* Destination.swift in Sources */,
				83BAC39D2B65CE9400758F09 /* HomeView.swift in Sources */,
				83BAC39F2B65EBD300758F09 /* CurrencyConvView.swift in Sources */,
				7EA9EE452B65874F004AA3A3 /* TAMU_HACK_XApp.swift in Sources */,
				83BAC3992B65B3FA00758F09 /* DestinationCardView.swift in Sources */,
			);
			runOnlyForDeploymentPostprocessing = 0;
		};
/* End PBXSourcesBuildPhase section */

/* Begin XCBuildConfiguration section */
		7EA9EE4D2B658750004AA3A3 /* Debug */ = {
			isa = XCBuildConfiguration;
			buildSettings = {
				ALWAYS_SEARCH_USER_PATHS = NO;
				ASSETCATALOG_COMPILER_GENERATE_SWIFT_ASSET_SYMBOL_EXTENSIONS = YES;
				CLANG_ANALYZER_NONNULL = YES;
				CLANG_ANALYZER_NUMBER_OBJECT_CONVERSION = YES_AGGRESSIVE;
				CLANG_CXX_LANGUAGE_STANDARD = "gnu++20";
				CLANG_ENABLE_MODULES = YES;
				CLANG_ENABLE_OBJC_ARC = YES;
				CLANG_ENABLE_OBJC_WEAK = YES;
				CLANG_WARN_BLOCK_CAPTURE_AUTORELEASING = YES;
				CLANG_WARN_BOOL_CONVERSION = YES;
				CLANG_WARN_COMMA = YES;
				CLANG_WARN_CONSTANT_CONVERSION = YES;
				CLANG_WARN_DEPRECATED_OBJC_IMPLEMENTATIONS = YES;
				CLANG_WARN_DIRECT_OBJC_ISA_USAGE = YES_ERROR;
				CLANG_WARN_DOCUMENTATION_COMMENTS = YES;
				CLANG_WARN_EMPTY_BODY = YES;
				CLANG_WARN_ENUM_CONVERSION = YES;
				CLANG_WARN_INFINITE_RECURSION = YES;
				CLANG_WARN_INT_CONVERSION = YES;
				CLANG_WARN_NON_LITERAL_NULL_CONVERSION = YES;
				CLANG_WARN_OBJC_IMPLICIT_RETAIN_SELF = YES;
				CLANG_WARN_OBJC_LITERAL_CONVERSION = YES;
				CLANG_WARN_OBJC_ROOT_CLASS = YES_ERROR;
				CLANG_WARN_QUOTED_INCLUDE_IN_FRAMEWORK_HEADER = YES;
				CLANG_WARN_RANGE_LOOP_ANALYSIS = YES;
				CLANG_WARN_STRICT_PROTOTYPES = YES;
				CLANG_WARN_SUSPICIOUS_MOVE = YES;
				CLANG_WARN_UNGUARDED_AVAILABILITY = YES_AGGRESSIVE;
				CLANG_WARN_UNREACHABLE_CODE = YES;
				CLANG_WARN__DUPLICATE_METHOD_MATCH = YES;
				COPY_PHASE_STRIP = NO;
				DEBUG_INFORMATION_FORMAT = dwarf;
				ENABLE_STRICT_OBJC_MSGSEND = YES;
				ENABLE_TESTABILITY = YES;
				ENABLE_USER_SCRIPT_SANDBOXING = YES;
				GCC_C_LANGUAGE_STANDARD = gnu17;
				GCC_DYNAMIC_NO_PIC = NO;
				GCC_NO_COMMON_BLOCKS = YES;
				GCC_OPTIMIZATION_LEVEL = 0;
				GCC_PREPROCESSOR_DEFINITIONS = (
					"DEBUG=1",
					"$(inherited)",
				);
				GCC_WARN_64_TO_32_BIT_CONVERSION = YES;
				GCC_WARN_ABOUT_RETURN_TYPE = YES_ERROR;
				GCC_WARN_UNDECLARED_SELECTOR = YES;
				GCC_WARN_UNINITIALIZED_AUTOS = YES_AGGRESSIVE;
				GCC_WARN_UNUSED_FUNCTION = YES;
				GCC_WARN_UNUSED_VARIABLE = YES;
				IPHONEOS_DEPLOYMENT_TARGET = 17.2;
				LOCALIZATION_PREFERS_STRING_CATALOGS = YES;
				MTL_ENABLE_DEBUG_INFO = INCLUDE_SOURCE;
				MTL_FAST_MATH = YES;
				ONLY_ACTIVE_ARCH = YES;
				SDKROOT = iphoneos;
				SWIFT_ACTIVE_COMPILATION_CONDITIONS = "DEBUG $(inherited)";
				SWIFT_OPTIMIZATION_LEVEL = "-Onone";
			};
			name = Debug;
		};
		7EA9EE4E2B658750004AA3A3 /* Release */ = {
			isa = XCBuildConfiguration;
			buildSettings = {
				ALWAYS_SEARCH_USER_PATHS = NO;
				ASSETCATALOG_COMPILER_GENERATE_SWIFT_ASSET_SYMBOL_EXTENSIONS = YES;
				CLANG_ANALYZER_NONNULL = YES;
				CLANG_ANALYZER_NUMBER_OBJECT_CONVERSION = YES_AGGRESSIVE;
				CLANG_CXX_LANGUAGE_STANDARD = "gnu++20";
				CLANG_ENABLE_MODULES = YES;
				CLANG_ENABLE_OBJC_ARC = YES;
				CLANG_ENABLE_OBJC_WEAK = YES;
				CLANG_WARN_BLOCK_CAPTURE_AUTORELEASING = YES;
				CLANG_WARN_BOOL_CONVERSION = YES;
				CLANG_WARN_COMMA = YES;
				CLANG_WARN_CONSTANT_CONVERSION = YES;
				CLANG_WARN_DEPRECATED_OBJC_IMPLEMENTATIONS = YES;
				CLANG_WARN_DIRECT_OBJC_ISA_USAGE = YES_ERROR;
				CLANG_WARN_DOCUMENTATION_COMMENTS = YES;
				CLANG_WARN_EMPTY_BODY = YES;
				CLANG_WARN_ENUM_CONVERSION = YES;
				CLANG_WARN_INFINITE_RECURSION = YES;
				CLANG_WARN_INT_CONVERSION = YES;
				CLANG_WARN_NON_LITERAL_NULL_CONVERSION = YES;
				CLANG_WARN_OBJC_IMPLICIT_RETAIN_SELF = YES;
				CLANG_WARN_OBJC_LITERAL_CONVERSION = YES;
				CLANG_WARN_OBJC_ROOT_CLASS = YES_ERROR;
				CLANG_WARN_QUOTED_INCLUDE_IN_FRAMEWORK_HEADER = YES;
				CLANG_WARN_RANGE_LOOP_ANALYSIS = YES;
				CLANG_WARN_STRICT_PROTOTYPES = YES;
				CLANG_WARN_SUSPICIOUS_MOVE = YES;
				CLANG_WARN_UNGUARDED_AVAILABILITY = YES_AGGRESSIVE;
				CLANG_WARN_UNREACHABLE_CODE = YES;
				CLANG_WARN__DUPLICATE_METHOD_MATCH = YES;
				COPY_PHASE_STRIP = NO;
				DEBUG_INFORMATION_FORMAT = "dwarf-with-dsym";
				ENABLE_NS_ASSERTIONS = NO;
				ENABLE_STRICT_OBJC_MSGSEND = YES;
				ENABLE_USER_SCRIPT_SANDBOXING = YES;
				GCC_C_LANGUAGE_STANDARD = gnu17;
				GCC_NO_COMMON_BLOCKS = YES;
				GCC_WARN_64_TO_32_BIT_CONVERSION = YES;
				GCC_WARN_ABOUT_RETURN_TYPE = YES_ERROR;
				GCC_WARN_UNDECLARED_SELECTOR = YES;
				GCC_WARN_UNINITIALIZED_AUTOS = YES_AGGRESSIVE;
				GCC_WARN_UNUSED_FUNCTION = YES;
				GCC_WARN_UNUSED_VARIABLE = YES;
				IPHONEOS_DEPLOYMENT_TARGET = 17.2;
				LOCALIZATION_PREFERS_STRING_CATALOGS = YES;
				MTL_ENABLE_DEBUG_INFO = NO;
				MTL_FAST_MATH = YES;
				SDKROOT = iphoneos;
				SWIFT_COMPILATION_MODE = wholemodule;
				VALIDATE_PRODUCT = YES;
			};
			name = Release;
		};
		7EA9EE502B658750004AA3A3 /* Debug */ = {
			isa = XCBuildConfiguration;
			buildSettings = {
				ASSETCATALOG_COMPILER_APPICON_NAME = AppIcon;
				ASSETCATALOG_COMPILER_GLOBAL_ACCENT_COLOR_NAME = AccentColor;
				CODE_SIGN_STYLE = Automatic;
				CURRENT_PROJECT_VERSION = 1;
				DEVELOPMENT_ASSET_PATHS = "\"TAMU-HACK-X/Preview Content\"";
				ENABLE_PREVIEWS = YES;
				GENERATE_INFOPLIST_FILE = YES;
				INFOPLIST_KEY_UIApplicationSceneManifest_Generation = YES;
				INFOPLIST_KEY_UIApplicationSupportsIndirectInputEvents = YES;
				INFOPLIST_KEY_UILaunchScreen_Generation = YES;
				INFOPLIST_KEY_UISupportedInterfaceOrientations_iPad = "UIInterfaceOrientationPortrait UIInterfaceOrientationPortraitUpsideDown UIInterfaceOrientationLandscapeLeft UIInterfaceOrientationLandscapeRight";
				INFOPLIST_KEY_UISupportedInterfaceOrientations_iPhone = "UIInterfaceOrientationPortrait UIInterfaceOrientationLandscapeLeft UIInterfaceOrientationLandscapeRight";
				LD_RUNPATH_SEARCH_PATHS = (
					"$(inherited)",
					"@executable_path/Frameworks",
				);
				MARKETING_VERSION = 1.0;
				PRODUCT_BUNDLE_IDENTIFIER = "nguyen-orozco.TAMU-HACK-X";
				PRODUCT_NAME = "$(TARGET_NAME)";
				SWIFT_EMIT_LOC_STRINGS = YES;
				SWIFT_VERSION = 5.0;
				TARGETED_DEVICE_FAMILY = "1,2";
			};
			name = Debug;
		};
		7EA9EE512B658750004AA3A3 /* Release */ = {
			isa = XCBuildConfiguration;
			buildSettings = {
				ASSETCATALOG_COMPILER_APPICON_NAME = AppIcon;
				ASSETCATALOG_COMPILER_GLOBAL_ACCENT_COLOR_NAME = AccentColor;
				CODE_SIGN_STYLE = Automatic;
				CURRENT_PROJECT_VERSION = 1;
				DEVELOPMENT_ASSET_PATHS = "\"TAMU-HACK-X/Preview Content\"";
				ENABLE_PREVIEWS = YES;
				GENERATE_INFOPLIST_FILE = YES;
				INFOPLIST_KEY_UIApplicationSceneManifest_Generation = YES;
				INFOPLIST_KEY_UIApplicationSupportsIndirectInputEvents = YES;
				INFOPLIST_KEY_UILaunchScreen_Generation = YES;
				INFOPLIST_KEY_UISupportedInterfaceOrientations_iPad = "UIInterfaceOrientationPortrait UIInterfaceOrientationPortraitUpsideDown UIInterfaceOrientationLandscapeLeft UIInterfaceOrientationLandscapeRight";
				INFOPLIST_KEY_UISupportedInterfaceOrientations_iPhone = "UIInterfaceOrientationPortrait UIInterfaceOrientationLandscapeLeft UIInterfaceOrientationLandscapeRight";
				LD_RUNPATH_SEARCH_PATHS = (
					"$(inherited)",
					"@executable_path/Frameworks",
				);
				MARKETING_VERSION = 1.0;
				PRODUCT_BUNDLE_IDENTIFIER = "nguyen-orozco.TAMU-HACK-X";
				PRODUCT_NAME = "$(TARGET_NAME)";
				SWIFT_EMIT_LOC_STRINGS = YES;
				SWIFT_VERSION = 5.0;
				TARGETED_DEVICE_FAMILY = "1,2";
			};
			name = Release;
		};
/* End XCBuildConfiguration section */

/* Begin XCConfigurationList section */
		7EA9EE3C2B65874F004AA3A3 /* Build configuration list for PBXProject "TAMU-HACK-X" */ = {
			isa = XCConfigurationList;
			buildConfigurations = (
				7EA9EE4D2B658750004AA3A3 /* Debug */,
				7EA9EE4E2B658750004AA3A3 /* Release */,
			);
			defaultConfigurationIsVisible = 0;
			defaultConfigurationName = Release;
		};
		7EA9EE4F2B658750004AA3A3 /* Build configuration list for PBXNativeTarget "TAMU-HACK-X" */ = {
			isa = XCConfigurationList;
			buildConfigurations = (
				7EA9EE502B658750004AA3A3 /* Debug */,
				7EA9EE512B658750004AA3A3 /* Release */,
			);
			defaultConfigurationIsVisible = 0;
			defaultConfigurationName = Release;
		};
/* End XCConfigurationList section */
	};
	rootObject = 7EA9EE392B65874F004AA3A3 /* Project object */;
}
